{
  "name": "fit-first",
  "version": "1.0.0",
  "lockfileVersion": 1,
  "requires": true,
  "dependencies": {
    "animate.css": {
      "version": "3.5.2",
      "resolved": "https://registry.npmjs.org/animate.css/-/animate.css-3.5.2.tgz",
      "integrity": "sha1-keZo3AaagI5eSZUUhnuXquAWbDY="
    },
    "autoprefixer": {
      "version": "6.7.7",
      "resolved": "https://registry.npmjs.org/autoprefixer/-/autoprefixer-6.7.7.tgz",
      "integrity": "sha1-Hb0cg1ZY41zj+ZhAmdsAWFx4IBQ=",
      "dev": true
    },
    "bootstrap": {
      "version": "3.4.1",
      "resolved": "https://registry.npmjs.org/bootstrap/-/bootstrap-3.4.1.tgz",
      "integrity": "sha512-yN5oZVmRCwe5aKwzRj6736nSmKDX7pLYwsXiCj/EYmo16hODaBiT4En5btW/jhBF/seV+XMx3aYwukYC3A49DA=="
    },
    "browser-sync": {
      "version": "2.18.13",
      "resolved": "https://registry.npmjs.org/browser-sync/-/browser-sync-2.18.13.tgz",
      "integrity": "sha512-qhdrmgshVGwweogT/bdOKkZDxVxqiF4+9mibaDeAxvDBeoUtdgABk5x7YQ1KCcLRchAfv8AVtp9NuITl5CTNqg==",
      "dev": true
    },
    "font-awesome": {
      "version": "4.7.0",
      "resolved": "https://registry.npmjs.org/font-awesome/-/font-awesome-4.7.0.tgz",
      "integrity": "sha1-j6jPBBGhoxr9B7BtKQK7n8gVoTM="
    },
    "gulp": {
      "version": "3.9.1",
      "resolved": "https://registry.npmjs.org/gulp/-/gulp-3.9.1.tgz",
      "integrity": "sha1-VxzkWSjdQK9lFPxAEYZgFsE4RbQ=",
      "dev": true,
      "dependencies": {
        "semver": {
          "version": "4.3.6",
          "resolved": "https://registry.npmjs.org/semver/-/semver-4.3.6.tgz",
          "integrity": "sha1-MAvG4OhjdPe6YQaLWx7NV/xlMto="
        }
      }
    },
    "gulp-minify-css": {
      "version": "1.2.4",
      "resolved": "https://registry.npmjs.org/gulp-minify-css/-/gulp-minify-css-1.2.4.tgz",
      "integrity": "sha1-thZJV2Auon+eWtiCJ2ld0gV3jAY=",
      "dev": true
    },
    "gulp-plumber": {
      "version": "1.1.0",
      "resolved": "https://registry.npmjs.org/gulp-plumber/-/gulp-plumber-1.1.0.tgz",
      "integrity": "sha1-8SF2wtBCL2AwbCQv/2oBo5T6ugk=",
      "dev": true
    },
    "gulp-postcss": {
      "version": "6.4.0",
      "resolved": "https://registry.npmjs.org/gulp-postcss/-/gulp-postcss-6.4.0.tgz",
      "integrity": "sha1-eKMuPIeqbNzsWuHJBeGW1HjoxdU=",
      "dev": true
    },
    "gulp-uglify": {
      "version": "2.1.2",
      "resolved": "https://registry.npmjs.org/gulp-uglify/-/gulp-uglify-2.1.2.tgz",
      "integrity": "sha1-bbhbHQ7mPRgFhZK2WGSdZcLsRUE=",
      "dev": true,
      "dependencies": {
        "lodash": {
          "version": "4.17.4",
          "resolved": "https://registry.npmjs.org/lodash/-/lodash-4.17.4.tgz",
          "integrity": "sha1-eCA6TRwyiuHYbcpkYONptX9AVa4="
        }
      }
    },
    "gulp-watch": {
      "version": "4.3.11",
      "resolved": "https://registry.npmjs.org/gulp-watch/-/gulp-watch-4.3.11.tgz",
      "integrity": "sha1-Fi/FY96fx3DpH5p845VVE6mhGMA=",
      "dev": true,
      "dependencies": {
        "glob-parent": {
          "version": "3.1.0",
          "resolved": "https://registry.npmjs.org/glob-parent/-/glob-parent-3.1.0.tgz",
          "integrity": "sha1-nmr2KZ2NO9K9QEMIMr0RPfkGxa4="
        },
        "is-extglob": {
          "version": "2.1.1",
          "resolved": "https://registry.npmjs.org/is-extglob/-/is-extglob-2.1.1.tgz",
          "integrity": "sha1-qIwCU1eR8C7TfHahueqXc8gz+MI="
        },
        "is-glob": {
          "version": "3.1.0",
          "resolved": "https://registry.npmjs.org/is-glob/-/is-glob-3.1.0.tgz",
          "integrity": "sha1-e6WuJCF4BKxwcHuWkiVnSGzD6Eo="
        },
        "vinyl": {
          "version": "1.2.0",
          "resolved": "https://registry.npmjs.org/vinyl/-/vinyl-1.2.0.tgz",
          "integrity": "sha1-XIgDbPVl5d8FVYv8kR+GVt8hiIQ="
        }
      }
    },
    "postcss-import": {
      "version": "9.1.0",
      "resolved": "https://registry.npmjs.org/postcss-import/-/postcss-import-9.1.0.tgz",
      "integrity": "sha1-lf6YdqHnmvSfvcNYnwH+WqfMHoA=",
      "dev": true
    },
    "postcss-simple-vars": {
      "version": "3.1.0",
      "resolved": "https://registry.npmjs.org/postcss-simple-vars/-/postcss-simple-vars-3.1.0.tgz",
      "integrity": "sha1-YsBlchTvH0OjxYk63oneQU8xtv8=",
      "dev": true
    },
    "waypoints": {
      "version": "4.0.1",
      "resolved": "https://registry.npmjs.org/waypoints/-/waypoints-4.0.1.tgz",
      "integrity": "sha1-CZeaBXOBCylifLpDZqKEoGLsacg="
    }
  }
}
